// !$*UTF8*$!
{
	archiveVersion = 1;
	classes = {
	};
	objectVersion = 50;
	objects = {

/* Begin PBXBuildFile section */
		6D1589F8268798C90093536E /* AutoGradeApp.swift in Sources */ = {isa = PBXBuildFile; fileRef = 6D1589F7268798C90093536E /* AutoGradeApp.swift */; };
		6D1589FA268798C90093536E /* ContentView.swift in Sources */ = {isa = PBXBuildFile; fileRef = 6D1589F9268798C90093536E /* ContentView.swift */; };
		6D1589FC268798D20093536E /* Assets.xcassets in Resources */ = {isa = PBXBuildFile; fileRef = 6D1589FB268798D20093536E /* Assets.xcassets */; };
		6D1589FF268798D20093536E /* Preview Assets.xcassets in Resources */ = {isa = PBXBuildFile; fileRef = 6D1589FE268798D20093536E /* Preview Assets.xcassets */; };
		6D158A08268799050093536E /* Menu.swift in Sources */ = {isa = PBXBuildFile; fileRef = 6D158A07268799050093536E /* Menu.swift */; };
		6D158A0A26879BE90093536E /* EnterSolutions.swift in Sources */ = {isa = PBXBuildFile; fileRef = 6D158A0926879BE90093536E /* EnterSolutions.swift */; };
		6D9041C12690D8EE004F889A /* StudentAttempt.swift in Sources */ = {isa = PBXBuildFile; fileRef = 6D9041C02690D8EE004F889A /* StudentAttempt.swift */; };
/* End PBXBuildFile section */

/* Begin PBXFileReference section */
		6D1589F4268798C90093536E /* AutoGrade.app */ = {isa = PBXFileReference; explicitFileType = wrapper.application; includeInIndex = 0; path = AutoGrade.app; sourceTree = BUILT_PRODUCTS_DIR; };
		6D1589F7268798C90093536E /* AutoGradeApp.swift */ = {isa = PBXFileReference; lastKnownFileType = sourcecode.swift; path = AutoGradeApp.swift; sourceTree = "<group>"; };
		6D1589F9268798C90093536E /* ContentView.swift */ = {isa = PBXFileReference; lastKnownFileType = sourcecode.swift; path = ContentView.swift; sourceTree = "<group>"; };
		6D1589FB268798D20093536E /* Assets.xcassets */ = {isa = PBXFileReference; lastKnownFileType = folder.assetcatalog; path = Assets.xcassets; sourceTree = "<group>"; };
		6D1589FE268798D20093536E /* Preview Assets.xcassets */ = {isa = PBXFileReference; lastKnownFileType = folder.assetcatalog; path = "Preview Assets.xcassets"; sourceTree = "<group>"; };
		6D158A00268798D20093536E /* Info.plist */ = {isa = PBXFileReference; lastKnownFileType = text.plist.xml; path = Info.plist; sourceTree = "<group>"; };
		6D158A01268798D20093536E /* AutoGrade.entitlements */ = {isa = PBXFileReference; lastKnownFileType = text.plist.entitlements; path = AutoGrade.entitlements; sourceTree = "<group>"; };
		6D158A07268799050093536E /* Menu.swift */ = {isa = PBXFileReference; lastKnownFileType = sourcecode.swift; path = Menu.swift; sourceTree = "<group>"; };
		6D158A0926879BE90093536E /* EnterSolutions.swift */ = {isa = PBXFileReference; lastKnownFileType = sourcecode.swift; path = EnterSolutions.swift; sourceTree = "<group>"; };
		6D9041C02690D8EE004F889A /* StudentAttempt.swift */ = {isa = PBXFileReference; lastKnownFileType = sourcecode.swift; path = StudentAttempt.swift; sourceTree = "<group>"; };
/* End PBXFileReference section */

/* Begin PBXFrameworksBuildPhase section */
		6D1589F1268798C90093536E /* Frameworks */ = {
			isa = PBXFrameworksBuildPhase;
			buildActionMask = 2147483647;
			files = (
			);
			runOnlyForDeploymentPostprocessing = 0;
		};
/* End PBXFrameworksBuildPhase section */

/* Begin PBXGroup section */
		6D1589EB268798C90093536E = {
			isa = PBXGroup;
			children = (
				6D1589F6268798C90093536E /* AutoGrade */,
				6D1589F5268798C90093536E /* Products */,
			);
			sourceTree = "<group>";
		};
		6D1589F5268798C90093536E /* Products */ = {
			isa = PBXGroup;
			children = (
				6D1589F4268798C90093536E /* AutoGrade.app */,
			);
			name = Products;
			sourceTree = "<group>";
		};
		6D1589F6268798C90093536E /* AutoGrade */ = {
			isa = PBXGroup;
			children = (
				6D1589F7268798C90093536E /* AutoGradeApp.swift */,
				6D1589F9268798C90093536E /* ContentView.swift */,
				6D1589FB268798D20093536E /* Assets.xcassets */,
				6D158A00268798D20093536E /* Info.plist */,
				6D158A01268798D20093536E /* AutoGrade.entitlements */,
				6D1589FD268798D20093536E /* Preview Content */,
				6D158A07268799050093536E /* Menu.swift */,
				6D158A0926879BE90093536E /* EnterSolutions.swift */,
				6D9041C02690D8EE004F889A /* StudentAttempt.swift */,
			);
			path = AutoGrade;
			sourceTree = "<group>";
		};
		6D1589FD268798D20093536E /* Preview Content */ = {
			isa = PBXGroup;
			children = (
				6D1589FE268798D20093536E /* Preview Assets.xcassets */,
			);
			path = "Preview Content";
			sourceTree = "<group>";
		};
/* End PBXGroup section */

/* Begin PBXNativeTarget section */
		6D1589F3268798C90093536E /* AutoGrade */ = {
			isa = PBXNativeTarget;
			buildConfigurationList = 6D158A04268798D20093536E /* Build configuration list for PBXNativeTarget "AutoGrade" */;
			buildPhases = (
				6D1589F0268798C90093536E /* Sources */,
				6D1589F1268798C90093536E /* Frameworks */,
				6D1589F2268798C90093536E /* Resources */,
			);
			buildRules = (
			);
			dependencies = (
			);
			name = AutoGrade;
			productName = AutoGrade;
			productReference = 6D1589F4268798C90093536E /* AutoGrade.app */;
			productType = "com.apple.product-type.application";
		};
/* End PBXNativeTarget section */

/* Begin PBXProject section */
		6D1589EC268798C90093536E /* Project object */ = {
			isa = PBXProject;
			attributes = {
				LastSwiftUpdateCheck = 1250;
				LastUpgradeCheck = 1250;
				TargetAttributes = {
					6D1589F3268798C90093536E = {
						CreatedOnToolsVersion = 12.5.1;
					};
				};
			};
			buildConfigurationList = 6D1589EF268798C90093536E /* Build configuration list for PBXProject "AutoGrade" */;
			compatibilityVersion = "Xcode 9.3";
			developmentRegion = en;
			hasScannedForEncodings = 0;
			knownRegions = (
				en,
				Base,
			);
			mainGroup = 6D1589EB268798C90093536E;
			productRefGroup = 6D1589F5268798C90093536E /* Products */;
			projectDirPath = "";
			projectRoot = "";
			targets = (
				6D1589F3268798C90093536E /* AutoGrade */,
			);
		};
/* End PBXProject section */

/* Begin PBXResourcesBuildPhase section */
		6D1589F2268798C90093536E /* Resources */ = {
			isa = PBXResourcesBuildPhase;
			buildActionMask = 2147483647;
			files = (
				6D1589FF268798D20093536E /* Preview Assets.xcassets in Resources */,
				6D1589FC268798D20093536E /* Assets.xcassets in Resources */,
			);
			runOnlyForDeploymentPostprocessing = 0;
		};
/* End PBXResourcesBuildPhase section */

/* Begin PBXSourcesBuildPhase section */
		6D1589F0268798C90093536E /* Sources */ = {
			isa = PBXSourcesBuildPhase;
			buildActionMask = 2147483647;
			files = (
				6D158A08268799050093536E /* Menu.swift in Sources */,
				6D9041C12690D8EE004F889A /* StudentAttempt.swift in Sources */,
				6D158A0A26879BE90093536E /* EnterSolutions.swift in Sources */,
				6D1589FA268798C90093536E /* ContentView.swift in Sources */,
				6D1589F8268798C90093536E /* AutoGradeApp.swift in Sources */,
			);
			runOnlyForDeploymentPostprocessing = 0;
		};
/* End PBXSourcesBuildPhase section */

/* Begin XCBuildConfiguration section */
		6D158A02268798D20093536E /* Debug */ = {
			isa = XCBuildConfiguration;
			buildSettings = {
				ALWAYS_SEARCH_USER_PATHS = NO;
				CLANG_ANALYZER_NONNULL = YES;
				CLANG_ANALYZER_NUMBER_OBJECT_CONVERSION = YES_AGGRESSIVE;
				CLANG_CXX_LANGUAGE_STANDARD = "gnu++14";
				CLANG_CXX_LIBRARY = "libc++";
				CLANG_ENABLE_MODULES = YES;
				CLANG_ENABLE_OBJC_ARC = YES;
				CLANG_ENABLE_OBJC_WEAK = YES;
				CLANG_WARN_BLOCK_CAPTURE_AUTORELEASING = YES;
				CLANG_WARN_BOOL_CONVERSION = YES;
				CLANG_WARN_COMMA = YES;
				CLANG_WARN_CONSTANT_CONVERSION = YES;
				CLANG_WARN_DEPRECATED_OBJC_IMPLEMENTATIONS = YES;
				CLANG_WARN_DIRECT_OBJC_ISA_USAGE = YES_ERROR;
				CLANG_WARN_DOCUMENTATION_COMMENTS = YES;
				CLANG_WARN_EMPTY_BODY = YES;
				CLANG_WARN_ENUM_CONVERSION = YES;
				CLANG_WARN_INFINITE_RECURSION = YES;
				CLANG_WARN_INT_CONVERSION = YES;
				CLANG_WARN_NON_LITERAL_NULL_CONVERSION = YES;
				CLANG_WARN_OBJC_IMPLICIT_RETAIN_SELF = YES;
				CLANG_WARN_OBJC_LITERAL_CONVERSION = YES;
				CLANG_WARN_OBJC_ROOT_CLASS = YES_ERROR;
				CLANG_WARN_QUOTED_INCLUDE_IN_FRAMEWORK_HEADER = YES;
				CLANG_WARN_RANGE_LOOP_ANALYSIS = YES;
				CLANG_WARN_STRICT_PROTOTYPES = YES;
				CLANG_WARN_SUSPICIOUS_MOVE = YES;
				CLANG_WARN_UNGUARDED_AVAILABILITY = YES_AGGRESSIVE;
				CLANG_WARN_UNREACHABLE_CODE = YES;
				CLANG_WARN__DUPLICATE_METHOD_MATCH = YES;
				COPY_PHASE_STRIP = NO;
				DEBUG_INFORMATION_FORMAT = dwarf;
				ENABLE_STRICT_OBJC_MSGSEND = YES;
				ENABLE_TESTABILITY = YES;
				GCC_C_LANGUAGE_STANDARD = gnu11;
				GCC_DYNAMIC_NO_PIC = NO;
				GCC_NO_COMMON_BLOCKS = YES;
				GCC_OPTIMIZATION_LEVEL = 0;
				GCC_PREPROCESSOR_DEFINITIONS = (
					"DEBUG=1",
					"$(inherited)",
				);
				GCC_WARN_64_TO_32_BIT_CONVERSION = YES;
				GCC_WARN_ABOUT_RETURN_TYPE = YES_ERROR;
				GCC_WARN_UNDECLARED_SELECTOR = YES;
				GCC_WARN_UNINITIALIZED_AUTOS = YES_AGGRESSIVE;
				GCC_WARN_UNUSED_FUNCTION = YES;
				GCC_WARN_UNUSED_VARIABLE = YES;
				MACOSX_DEPLOYMENT_TARGET = 11.3;
				MTL_ENABLE_DEBUG_INFO = INCLUDE_SOURCE;
				MTL_FAST_MATH = YES;
				ONLY_ACTIVE_ARCH = YES;
				SDKROOT = macosx;
				SWIFT_ACTIVE_COMPILATION_CONDITIONS = DEBUG;
				SWIFT_OPTIMIZATION_LEVEL = "-Onone";
			};
			name = Debug;
		};
		6D158A03268798D20093536E /* Release */ = {
			isa = XCBuildConfiguration;
			buildSettings = {
				ALWAYS_SEARCH_USER_PATHS = NO;
				CLANG_ANALYZER_NONNULL = YES;
				CLANG_ANALYZER_NUMBER_OBJECT_CONVERSION = YES_AGGRESSIVE;
				CLANG_CXX_LANGUAGE_STANDARD = "gnu++14";
				CLANG_CXX_LIBRARY = "libc++";
				CLANG_ENABLE_MODULES = YES;
				CLANG_ENABLE_OBJC_ARC = YES;
				CLANG_ENABLE_OBJC_WEAK = YES;
				CLANG_WARN_BLOCK_CAPTURE_AUTORELEASING = YES;
				CLANG_WARN_BOOL_CONVERSION = YES;
				CLANG_WARN_COMMA = YES;
				CLANG_WARN_CONSTANT_CONVERSION = YES;
				CLANG_WARN_DEPRECATED_OBJC_IMPLEMENTATIONS = YES;
				CLANG_WARN_DIRECT_OBJC_ISA_USAGE = YES_ERROR;
				CLANG_WARN_DOCUMENTATION_COMMENTS = YES;
				CLANG_WARN_EMPTY_BODY = YES;
				CLANG_WARN_ENUM_CONVERSION = YES;
				CLANG_WARN_INFINITE_RECURSION = YES;
				CLANG_WARN_INT_CONVERSION = YES;
				CLANG_WARN_NON_LITERAL_NULL_CONVERSION = YES;
				CLANG_WARN_OBJC_IMPLICIT_RETAIN_SELF = YES;
				CLANG_WARN_OBJC_LITERAL_CONVERSION = YES;
				CLANG_WARN_OBJC_ROOT_CLASS = YES_ERROR;
				CLANG_WARN_QUOTED_INCLUDE_IN_FRAMEWORK_HEADER = YES;
				CLANG_WARN_RANGE_LOOP_ANALYSIS = YES;
				CLANG_WARN_STRICT_PROTOTYPES = YES;
				CLANG_WARN_SUSPICIOUS_MOVE = YES;
				CLANG_WARN_UNGUARDED_AVAILABILITY = YES_AGGRESSIVE;
				CLANG_WARN_UNREACHABLE_CODE = YES;
				CLANG_WARN__DUPLICATE_METHOD_MATCH = YES;
				COPY_PHASE_STRIP = NO;
				DEBUG_INFORMATION_FORMAT = "dwarf-with-dsym";
				ENABLE_NS_ASSERTIONS = NO;
				ENABLE_STRICT_OBJC_MSGSEND = YES;
				GCC_C_LANGUAGE_STANDARD = gnu11;
				GCC_NO_COMMON_BLOCKS = YES;
				GCC_WARN_64_TO_32_BIT_CONVERSION = YES;
				GCC_WARN_ABOUT_RETURN_TYPE = YES_ERROR;
				GCC_WARN_UNDECLARED_SELECTOR = YES;
				GCC_WARN_UNINITIALIZED_AUTOS = YES_AGGRESSIVE;
				GCC_WARN_UNUSED_FUNCTION = YES;
				GCC_WARN_UNUSED_VARIABLE = YES;
				MACOSX_DEPLOYMENT_TARGET = 11.3;
				MTL_ENABLE_DEBUG_INFO = NO;
				MTL_FAST_MATH = YES;
				SDKROOT = macosx;
				SWIFT_COMPILATION_MODE = wholemodule;
				SWIFT_OPTIMIZATION_LEVEL = "-O";
			};
			name = Release;
		};
		6D158A05268798D20093536E /* Debug */ = {
			isa = XCBuildConfiguration;
			buildSettings = {
				ASSETCATALOG_COMPILER_APPICON_NAME = AppIcon;
				ASSETCATALOG_COMPILER_GLOBAL_ACCENT_COLOR_NAME = AccentColor;
				CODE_SIGN_ENTITLEMENTS = AutoGrade/AutoGrade.entitlements;
				CODE_SIGN_STYLE = Automatic;
				COMBINE_HIDPI_IMAGES = YES;
				DEVELOPMENT_ASSET_PATHS = "\"AutoGrade/Preview Content\"";
				ENABLE_PREVIEWS = YES;
				INFOPLIST_FILE = AutoGrade/Info.plist;
				LD_RUNPATH_SEARCH_PATHS = (
					"$(inherited)",
					"@executable_path/../Frameworks",
				);
				MACOSX_DEPLOYMENT_TARGET = 11.0;
				PRODUCT_BUNDLE_IDENTIFIER = "com.example.apple-samplecode.AutoGrade";
				PRODUCT_NAME = "$(TARGET_NAME)";
				SWIFT_VERSION = 5.0;
			};
			name = Debug;
		};
		6D158A06268798D20093536E /* Release */ = {
			isa = XCBuildConfiguration;
			buildSettings = {
				ASSETCATALOG_COMPILER_APPICON_NAME = AppIcon;
				ASSETCATALOG_COMPILER_GLOBAL_ACCENT_COLOR_NAME = AccentColor;
				CODE_SIGN_ENTITLEMENTS = AutoGrade/AutoGrade.entitlements;
				CODE_SIGN_STYLE = Automatic;
				COMBINE_HIDPI_IMAGES = YES;
				DEVELOPMENT_ASSET_PATHS = "\"AutoGrade/Preview Content\"";
				ENABLE_PREVIEWS = YES;
				INFOPLIST_FILE = AutoGrade/Info.plist;
				LD_RUNPATH_SEARCH_PATHS = (
					"$(inherited)",
					"@executable_path/../Frameworks",
				);
				MACOSX_DEPLOYMENT_TARGET = 11.0;
				PRODUCT_BUNDLE_IDENTIFIER = "com.example.apple-samplecode.AutoGrade";
				PRODUCT_NAME = "$(TARGET_NAME)";
				SWIFT_VERSION = 5.0;
			};
			name = Release;
		};
/* End XCBuildConfiguration section */

/* Begin XCConfigurationList section */
		6D1589EF268798C90093536E /* Build configuration list for PBXProject "AutoGrade" */ = {
			isa = XCConfigurationList;
			buildConfigurations = (
				6D158A02268798D20093536E /* Debug */,
				6D158A03268798D20093536E /* Release */,
			);
			defaultConfigurationIsVisible = 0;
			defaultConfigurationName = Release;
		};
		6D158A04268798D20093536E /* Build configuration list for PBXNativeTarget "AutoGrade" */ = {
			isa = XCConfigurationList;
			buildConfigurations = (
				6D158A05268798D20093536E /* Debug */,
				6D158A06268798D20093536E /* Release */,
			);
			defaultConfigurationIsVisible = 0;
			defaultConfigurationName = Release;
		};
/* End XCConfigurationList section */
	};
	rootObject = 6D1589EC268798C90093536E /* Project object */;
}
